
Microsoft Visual Studio Solution File, Format Version 12.00
# Visual Studio 15
VisualStudioVersion = 15.0.28307.1401
MinimumVisualStudioVersion = 10.0.40219.1
Project("{FAE04EC0-301F-11D3-BF4B-00C04F79EFBC}") = "Cliente", "Cliente\Cliente.csproj", "{413FCA10-6A61-4AFC-9131-D8160C81C733}"
EndProject
Project("{54435603-DBB4-11D2-8724-00A0C9A8B90C}") = "Setup2", "Setup2\Setup2.vdproj", "{87E3A973-7E24-45CB-B9BF-F35BE8569714}"
EndProject
Global
	GlobalSection(SolutionConfigurationPlatforms) = preSolution
		Debug|Any CPU = Debug|Any CPU
		Release|Any CPU = Release|Any CPU
	EndGlobalSection
	GlobalSection(ProjectConfigurationPlatforms) = postSolution
		{413FCA10-6A61-4AFC-9131-D8160C81C733}.Debug|Any CPU.ActiveCfg = Debug|Any CPU
		{413FCA10-6A61-4AFC-9131-D8160C81C733}.Debug|Any CPU.Build.0 = Debug|Any CPU
		{413FCA10-6A61-4AFC-9131-D8160C81C733}.Release|Any CPU.ActiveCfg = Release|Any CPU
		{413FCA10-6A61-4AFC-9131-D8160C81C733}.Release|Any CPU.Build.0 = Release|Any CPU
		{87E3A973-7E24-45CB-B9BF-F35BE8569714}.Debug|Any CPU.ActiveCfg = Debug
		{87E3A973-7E24-45CB-B9BF-F35BE8569714}.Release|Any CPU.ActiveCfg = Release
	EndGlobalSection
	GlobalSection(SolutionProperties) = preSolution
		HideSolutionNode = FALSE
	EndGlobalSection
	GlobalSection(ExtensibilityGlobals) = postSolution
		SolutionGuid = {56311ADB-BC97-401E-A6D0-D04DB0C0068C}
	EndGlobalSection
EndGlobal
